// !$*UTF8*$!
{
	archiveVersion = 1;
	classes = {
	};
	objectVersion = 56;
	objects = {

/* Begin PBXBuildFile section */
		78BB36172AF53B9F003E5B77 /* AppDelegate.swift in Sources */ = {isa = PBXBuildFile; fileRef = 78BB36162AF53B9F003E5B77 /* AppDelegate.swift */; };
		78BB36192AF53B9F003E5B77 /* SceneDelegate.swift in Sources */ = {isa = PBXBuildFile; fileRef = 78BB36182AF53B9F003E5B77 /* SceneDelegate.swift */; };
		78BB361B2AF53B9F003E5B77 /* ViewController.swift in Sources */ = {isa = PBXBuildFile; fileRef = 78BB361A2AF53B9F003E5B77 /* ViewController.swift */; };
		78BB36202AF53BA1003E5B77 /* Assets.xcassets in Resources */ = {isa = PBXBuildFile; fileRef = 78BB361F2AF53BA1003E5B77 /* Assets.xcassets */; };
		78BB36232AF53BA1003E5B77 /* LaunchScreen.storyboard in Resources */ = {isa = PBXBuildFile; fileRef = 78BB36212AF53BA1003E5B77 /* LaunchScreen.storyboard */; };
		78BB362C2AF53F2D003E5B77 /* SnapKit in Frameworks */ = {isa = PBXBuildFile; productRef = 78BB362B2AF53F2D003E5B77 /* SnapKit */; };
		78BB362F2AF53F45003E5B77 /* Then in Frameworks */ = {isa = PBXBuildFile; productRef = 78BB362E2AF53F45003E5B77 /* Then */; };
		78BB363A2AF542A2003E5B77 /* NanumGothicBold.otf in Resources */ = {isa = PBXBuildFile; fileRef = 78BB36372AF542A2003E5B77 /* NanumGothicBold.otf */; };
		78BB363B2AF542A2003E5B77 /* NanumGothic.otf in Resources */ = {isa = PBXBuildFile; fileRef = 78BB36382AF542A2003E5B77 /* NanumGothic.otf */; };
		78BB363C2AF542A2003E5B77 /* NanumGothicExtraBold.otf in Resources */ = {isa = PBXBuildFile; fileRef = 78BB36392AF542A2003E5B77 /* NanumGothicExtraBold.otf */; };
		78BB36412AF54317003E5B77 /* BaseVC.swift in Sources */ = {isa = PBXBuildFile; fileRef = 78BB36402AF54317003E5B77 /* BaseVC.swift */; };
		78BB36442AF54333003E5B77 /* UIColor + HexColor.swift in Sources */ = {isa = PBXBuildFile; fileRef = 78BB36432AF54333003E5B77 /* UIColor + HexColor.swift */; };
		78BB36472AF5434B003E5B77 /* UIView + Subviews.swift in Sources */ = {isa = PBXBuildFile; fileRef = 78BB36462AF5434B003E5B77 /* UIView + Subviews.swift */; };
/* End PBXBuildFile section */

/* Begin PBXFileReference section */
		78BB36132AF53B9F003E5B77 /* JeongDaeri-Homework1.app */ = {isa = PBXFileReference; explicitFileType = wrapper.application; includeInIndex = 0; path = "JeongDaeri-Homework1.app"; sourceTree = BUILT_PRODUCTS_DIR; };
		78BB36162AF53B9F003E5B77 /* AppDelegate.swift */ = {isa = PBXFileReference; lastKnownFileType = sourcecode.swift; path = AppDelegate.swift; sourceTree = "<group>"; };
		78BB36182AF53B9F003E5B77 /* SceneDelegate.swift */ = {isa = PBXFileReference; lastKnownFileType = sourcecode.swift; path = SceneDelegate.swift; sourceTree = "<group>"; };
		78BB361A2AF53B9F003E5B77 /* ViewController.swift */ = {isa = PBXFileReference; lastKnownFileType = sourcecode.swift; path = ViewController.swift; sourceTree = "<group>"; };
		78BB361F2AF53BA1003E5B77 /* Assets.xcassets */ = {isa = PBXFileReference; lastKnownFileType = folder.assetcatalog; path = Assets.xcassets; sourceTree = "<group>"; };
		78BB36222AF53BA1003E5B77 /* Base */ = {isa = PBXFileReference; lastKnownFileType = file.storyboard; name = Base; path = Base.lproj/LaunchScreen.storyboard; sourceTree = "<group>"; };
		78BB36242AF53BA1003E5B77 /* Info.plist */ = {isa = PBXFileReference; lastKnownFileType = text.plist.xml; path = Info.plist; sourceTree = "<group>"; };
		78BB36372AF542A2003E5B77 /* NanumGothicBold.otf */ = {isa = PBXFileReference; lastKnownFileType = file; name = NanumGothicBold.otf; path = ../../../../../../../../Downloads/NanumFontSetup_OTF_GOTHIC/NanumGothicBold.otf; sourceTree = "<group>"; };
		78BB36382AF542A2003E5B77 /* NanumGothic.otf */ = {isa = PBXFileReference; lastKnownFileType = file; name = NanumGothic.otf; path = ../../../../../../../../Downloads/NanumFontSetup_OTF_GOTHIC/NanumGothic.otf; sourceTree = "<group>"; };
		78BB36392AF542A2003E5B77 /* NanumGothicExtraBold.otf */ = {isa = PBXFileReference; lastKnownFileType = file; name = NanumGothicExtraBold.otf; path = ../../../../../../../../Downloads/NanumFontSetup_OTF_GOTHIC/NanumGothicExtraBold.otf; sourceTree = "<group>"; };
		78BB36402AF54317003E5B77 /* BaseVC.swift */ = {isa = PBXFileReference; lastKnownFileType = sourcecode.swift; path = BaseVC.swift; sourceTree = "<group>"; };
		78BB36432AF54333003E5B77 /* UIColor + HexColor.swift */ = {isa = PBXFileReference; lastKnownFileType = sourcecode.swift; path = "UIColor + HexColor.swift"; sourceTree = "<group>"; };
		78BB36462AF5434B003E5B77 /* UIView + Subviews.swift */ = {isa = PBXFileReference; lastKnownFileType = sourcecode.swift; path = "UIView + Subviews.swift"; sourceTree = "<group>"; };
/* End PBXFileReference section */

/* Begin PBXFrameworksBuildPhase section */
		78BB36102AF53B9F003E5B77 /* Frameworks */ = {
			isa = PBXFrameworksBuildPhase;
			buildActionMask = 2147483647;
			files = (
				78BB362C2AF53F2D003E5B77 /* SnapKit in Frameworks */,
				78BB362F2AF53F45003E5B77 /* Then in Frameworks */,
			);
			runOnlyForDeploymentPostprocessing = 0;
		};
/* End PBXFrameworksBuildPhase section */

/* Begin PBXGroup section */
		78BB360A2AF53B9F003E5B77 = {
			isa = PBXGroup;
			children = (
				78BB36152AF53B9F003E5B77 /* JeongDaeri-Homework1 */,
				78BB36142AF53B9F003E5B77 /* Products */,
			);
			sourceTree = "<group>";
		};
		78BB36142AF53B9F003E5B77 /* Products */ = {
			isa = PBXGroup;
			children = (
				78BB36132AF53B9F003E5B77 /* JeongDaeri-Homework1.app */,
			);
			name = Products;
			sourceTree = "<group>";
		};
		78BB36152AF53B9F003E5B77 /* JeongDaeri-Homework1 */ = {
			isa = PBXGroup;
			children = (
				78BB36302AF54211003E5B77 /* Resources */,
				78BB36312AF5421C003E5B77 /* Sources */,
				78BB36322AF54223003E5B77 /* Support */,
			);
			path = "JeongDaeri-Homework1";
			sourceTree = "<group>";
		};
		78BB36302AF54211003E5B77 /* Resources */ = {
			isa = PBXGroup;
			children = (
				78BB36332AF5426C003E5B77 /* Assets */,
				78BB36342AF54276003E5B77 /* Fonts */,
				78BB36352AF5427D003E5B77 /* Launch */,
			);
			path = Resources;
			sourceTree = "<group>";
		};
		78BB36312AF5421C003E5B77 /* Sources */ = {
			isa = PBXGroup;
			children = (
				78BB363D2AF542D0003E5B77 /* Application */,
				78BB363E2AF542E6003E5B77 /* Utility */,
				78BB36482AF54360003E5B77 /* Presentation */,
			);
			path = Sources;
			sourceTree = "<group>";
		};
		78BB36322AF54223003E5B77 /* Support */ = {
			isa = PBXGroup;
			children = (
				78BB36242AF53BA1003E5B77 /* Info.plist */,
			);
			path = Support;
			sourceTree = "<group>";
		};
		78BB36332AF5426C003E5B77 /* Assets */ = {
			isa = PBXGroup;
			children = (
				78BB361F2AF53BA1003E5B77 /* Assets.xcassets */,
			);
			path = Assets;
			sourceTree = "<group>";
		};
		78BB36342AF54276003E5B77 /* Fonts */ = {
			isa = PBXGroup;
			children = (
				78BB36362AF54295003E5B77 /* Nanum */,
			);
			path = Fonts;
			sourceTree = "<group>";
		};
		78BB36352AF5427D003E5B77 /* Launch */ = {
			isa = PBXGroup;
			children = (
				78BB36212AF53BA1003E5B77 /* LaunchScreen.storyboard */,
			);
			path = Launch;
			sourceTree = "<group>";
		};
		78BB36362AF54295003E5B77 /* Nanum */ = {
			isa = PBXGroup;
			children = (
				78BB36382AF542A2003E5B77 /* NanumGothic.otf */,
				78BB36372AF542A2003E5B77 /* NanumGothicBold.otf */,
				78BB36392AF542A2003E5B77 /* NanumGothicExtraBold.otf */,
			);
			path = Nanum;
			sourceTree = "<group>";
		};
		78BB363D2AF542D0003E5B77 /* Application */ = {
			isa = PBXGroup;
			children = (
				78BB36162AF53B9F003E5B77 /* AppDelegate.swift */,
				78BB36182AF53B9F003E5B77 /* SceneDelegate.swift */,
			);
			path = Application;
			sourceTree = "<group>";
		};
		78BB363E2AF542E6003E5B77 /* Utility */ = {
			isa = PBXGroup;
			children = (
				78BB363F2AF542F6003E5B77 /* Base */,
				78BB36422AF54321003E5B77 /* UIColor */,
				78BB36452AF5433B003E5B77 /* UIView */,
			);
			path = Utility;
			sourceTree = "<group>";
		};
		78BB363F2AF542F6003E5B77 /* Base */ = {
			isa = PBXGroup;
			children = (
				78BB36402AF54317003E5B77 /* BaseVC.swift */,
			);
			path = Base;
			sourceTree = "<group>";
		};
		78BB36422AF54321003E5B77 /* UIColor */ = {
			isa = PBXGroup;
			children = (
				78BB36432AF54333003E5B77 /* UIColor + HexColor.swift */,
			);
			path = UIColor;
			sourceTree = "<group>";
		};
		78BB36452AF5433B003E5B77 /* UIView */ = {
			isa = PBXGroup;
			children = (
				78BB36462AF5434B003E5B77 /* UIView + Subviews.swift */,
			);
			path = UIView;
			sourceTree = "<group>";
		};
		78BB36482AF54360003E5B77 /* Presentation */ = {
			isa = PBXGroup;
			children = (
				78BB361A2AF53B9F003E5B77 /* ViewController.swift */,
			);
			path = Presentation;
			sourceTree = "<group>";
		};
/* End PBXGroup section */

/* Begin PBXNativeTarget section */
		78BB36122AF53B9F003E5B77 /* JeongDaeri-Homework1 */ = {
			isa = PBXNativeTarget;
			buildConfigurationList = 78BB36272AF53BA1003E5B77 /* Build configuration list for PBXNativeTarget "JeongDaeri-Homework1" */;
			buildPhases = (
				78BB360F2AF53B9F003E5B77 /* Sources */,
				78BB36102AF53B9F003E5B77 /* Frameworks */,
				78BB36112AF53B9F003E5B77 /* Resources */,
			);
			buildRules = (
			);
			dependencies = (
			);
			name = "JeongDaeri-Homework1";
			packageProductDependencies = (
				78BB362B2AF53F2D003E5B77 /* SnapKit */,
				78BB362E2AF53F45003E5B77 /* Then */,
			);
			productName = "JeongDaeri-Homework1";
			productReference = 78BB36132AF53B9F003E5B77 /* JeongDaeri-Homework1.app */;
			productType = "com.apple.product-type.application";
		};
/* End PBXNativeTarget section */

/* Begin PBXProject section */
		78BB360B2AF53B9F003E5B77 /* Project object */ = {
			isa = PBXProject;
			attributes = {
				BuildIndependentTargetsInParallel = 1;
				LastSwiftUpdateCheck = 1500;
				LastUpgradeCheck = 1500;
				TargetAttributes = {
					78BB36122AF53B9F003E5B77 = {
						CreatedOnToolsVersion = 15.0.1;
					};
				};
			};
			buildConfigurationList = 78BB360E2AF53B9F003E5B77 /* Build configuration list for PBXProject "JeongDaeri-Homework1" */;
			compatibilityVersion = "Xcode 14.0";
			developmentRegion = en;
			hasScannedForEncodings = 0;
			knownRegions = (
				en,
				Base,
			);
			mainGroup = 78BB360A2AF53B9F003E5B77;
			packageReferences = (
				78BB362A2AF53F2D003E5B77 /* XCRemoteSwiftPackageReference "SnapKit" */,
				78BB362D2AF53F45003E5B77 /* XCRemoteSwiftPackageReference "Then" */,
			);
			productRefGroup = 78BB36142AF53B9F003E5B77 /* Products */;
			projectDirPath = "";
			projectRoot = "";
			targets = (
				78BB36122AF53B9F003E5B77 /* JeongDaeri-Homework1 */,
			);
		};
/* End PBXProject section */

/* Begin PBXResourcesBuildPhase section */
		78BB36112AF53B9F003E5B77 /* Resources */ = {
			isa = PBXResourcesBuildPhase;
			buildActionMask = 2147483647;
			files = (
				78BB363A2AF542A2003E5B77 /* NanumGothicBold.otf in Resources */,
				78BB36232AF53BA1003E5B77 /* LaunchScreen.storyboard in Resources */,
				78BB36202AF53BA1003E5B77 /* Assets.xcassets in Resources */,
				78BB363C2AF542A2003E5B77 /* NanumGothicExtraBold.otf in Resources */,
				78BB363B2AF542A2003E5B77 /* NanumGothic.otf in Resources */,
			);
			runOnlyForDeploymentPostprocessing = 0;
		};
/* End PBXResourcesBuildPhase section */

/* Begin PBXSourcesBuildPhase section */
		78BB360F2AF53B9F003E5B77 /* Sources */ = {
			isa = PBXSourcesBuildPhase;
			buildActionMask = 2147483647;
			files = (
				78BB361B2AF53B9F003E5B77 /* ViewController.swift in Sources */,
				78BB36442AF54333003E5B77 /* UIColor + HexColor.swift in Sources */,
				78BB36172AF53B9F003E5B77 /* AppDelegate.swift in Sources */,
				78BB36192AF53B9F003E5B77 /* SceneDelegate.swift in Sources */,
				78BB36472AF5434B003E5B77 /* UIView + Subviews.swift in Sources */,
				78BB36412AF54317003E5B77 /* BaseVC.swift in Sources */,
			);
			runOnlyForDeploymentPostprocessing = 0;
		};
/* End PBXSourcesBuildPhase section */

/* Begin PBXVariantGroup section */
		78BB36212AF53BA1003E5B77 /* LaunchScreen.storyboard */ = {
			isa = PBXVariantGroup;
			children = (
				78BB36222AF53BA1003E5B77 /* Base */,
			);
			name = LaunchScreen.storyboard;
			sourceTree = "<group>";
		};
/* End PBXVariantGroup section */

/* Begin XCBuildConfiguration section */
		78BB36252AF53BA1003E5B77 /* Debug */ = {
			isa = XCBuildConfiguration;
			buildSettings = {
				ALWAYS_SEARCH_USER_PATHS = NO;
				ASSETCATALOG_COMPILER_GENERATE_SWIFT_ASSET_SYMBOL_EXTENSIONS = YES;
				CLANG_ANALYZER_NONNULL = YES;
				CLANG_ANALYZER_NUMBER_OBJECT_CONVERSION = YES_AGGRESSIVE;
				CLANG_CXX_LANGUAGE_STANDARD = "gnu++20";
				CLANG_ENABLE_MODULES = YES;
				CLANG_ENABLE_OBJC_ARC = YES;
				CLANG_ENABLE_OBJC_WEAK = YES;
				CLANG_WARN_BLOCK_CAPTURE_AUTORELEASING = YES;
				CLANG_WARN_BOOL_CONVERSION = YES;
				CLANG_WARN_COMMA = YES;
				CLANG_WARN_CONSTANT_CONVERSION = YES;
				CLANG_WARN_DEPRECATED_OBJC_IMPLEMENTATIONS = YES;
				CLANG_WARN_DIRECT_OBJC_ISA_USAGE = YES_ERROR;
				CLANG_WARN_DOCUMENTATION_COMMENTS = YES;
				CLANG_WARN_EMPTY_BODY = YES;
				CLANG_WARN_ENUM_CONVERSION = YES;
				CLANG_WARN_INFINITE_RECURSION = YES;
				CLANG_WARN_INT_CONVERSION = YES;
				CLANG_WARN_NON_LITERAL_NULL_CONVERSION = YES;
				CLANG_WARN_OBJC_IMPLICIT_RETAIN_SELF = YES;
				CLANG_WARN_OBJC_LITERAL_CONVERSION = YES;
				CLANG_WARN_OBJC_ROOT_CLASS = YES_ERROR;
				CLANG_WARN_QUOTED_INCLUDE_IN_FRAMEWORK_HEADER = YES;
				CLANG_WARN_RANGE_LOOP_ANALYSIS = YES;
				CLANG_WARN_STRICT_PROTOTYPES = YES;
				CLANG_WARN_SUSPICIOUS_MOVE = YES;
				CLANG_WARN_UNGUARDED_AVAILABILITY = YES_AGGRESSIVE;
				CLANG_WARN_UNREACHABLE_CODE = YES;
				CLANG_WARN__DUPLICATE_METHOD_MATCH = YES;
				COPY_PHASE_STRIP = NO;
				DEBUG_INFORMATION_FORMAT = dwarf;
				ENABLE_STRICT_OBJC_MSGSEND = YES;
				ENABLE_TESTABILITY = YES;
				ENABLE_USER_SCRIPT_SANDBOXING = YES;
				GCC_C_LANGUAGE_STANDARD = gnu17;
				GCC_DYNAMIC_NO_PIC = NO;
				GCC_NO_COMMON_BLOCKS = YES;
				GCC_OPTIMIZATION_LEVEL = 0;
				GCC_PREPROCESSOR_DEFINITIONS = (
					"DEBUG=1",
					"$(inherited)",
				);
				GCC_WARN_64_TO_32_BIT_CONVERSION = YES;
				GCC_WARN_ABOUT_RETURN_TYPE = YES_ERROR;
				GCC_WARN_UNDECLARED_SELECTOR = YES;
				GCC_WARN_UNINITIALIZED_AUTOS = YES_AGGRESSIVE;
				GCC_WARN_UNUSED_FUNCTION = YES;
				GCC_WARN_UNUSED_VARIABLE = YES;
				IPHONEOS_DEPLOYMENT_TARGET = 17.0;
				LOCALIZATION_PREFERS_STRING_CATALOGS = YES;
				MTL_ENABLE_DEBUG_INFO = INCLUDE_SOURCE;
				MTL_FAST_MATH = YES;
				ONLY_ACTIVE_ARCH = YES;
				SDKROOT = iphoneos;
				SWIFT_ACTIVE_COMPILATION_CONDITIONS = "DEBUG $(inherited)";
				SWIFT_OPTIMIZATION_LEVEL = "-Onone";
			};
			name = Debug;
		};
		78BB36262AF53BA1003E5B77 /* Release */ = {
			isa = XCBuildConfiguration;
			buildSettings = {
				ALWAYS_SEARCH_USER_PATHS = NO;
				ASSETCATALOG_COMPILER_GENERATE_SWIFT_ASSET_SYMBOL_EXTENSIONS = YES;
				CLANG_ANALYZER_NONNULL = YES;
				CLANG_ANALYZER_NUMBER_OBJECT_CONVERSION = YES_AGGRESSIVE;
				CLANG_CXX_LANGUAGE_STANDARD = "gnu++20";
				CLANG_ENABLE_MODULES = YES;
				CLANG_ENABLE_OBJC_ARC = YES;
				CLANG_ENABLE_OBJC_WEAK = YES;
				CLANG_WARN_BLOCK_CAPTURE_AUTORELEASING = YES;
				CLANG_WARN_BOOL_CONVERSION = YES;
				CLANG_WARN_COMMA = YES;
				CLANG_WARN_CONSTANT_CONVERSION = YES;
				CLANG_WARN_DEPRECATED_OBJC_IMPLEMENTATIONS = YES;
				CLANG_WARN_DIRECT_OBJC_ISA_USAGE = YES_ERROR;
				CLANG_WARN_DOCUMENTATION_COMMENTS = YES;
				CLANG_WARN_EMPTY_BODY = YES;
				CLANG_WARN_ENUM_CONVERSION = YES;
				CLANG_WARN_INFINITE_RECURSION = YES;
				CLANG_WARN_INT_CONVERSION = YES;
				CLANG_WARN_NON_LITERAL_NULL_CONVERSION = YES;
				CLANG_WARN_OBJC_IMPLICIT_RETAIN_SELF = YES;
				CLANG_WARN_OBJC_LITERAL_CONVERSION = YES;
				CLANG_WARN_OBJC_ROOT_CLASS = YES_ERROR;
				CLANG_WARN_QUOTED_INCLUDE_IN_FRAMEWORK_HEADER = YES;
				CLANG_WARN_RANGE_LOOP_ANALYSIS = YES;
				CLANG_WARN_STRICT_PROTOTYPES = YES;
				CLANG_WARN_SUSPICIOUS_MOVE = YES;
				CLANG_WARN_UNGUARDED_AVAILABILITY = YES_AGGRESSIVE;
				CLANG_WARN_UNREACHABLE_CODE = YES;
				CLANG_WARN__DUPLICATE_METHOD_MATCH = YES;
				COPY_PHASE_STRIP = NO;
				DEBUG_INFORMATION_FORMAT = "dwarf-with-dsym";
				ENABLE_NS_ASSERTIONS = NO;
				ENABLE_STRICT_OBJC_MSGSEND = YES;
				ENABLE_USER_SCRIPT_SANDBOXING = YES;
				GCC_C_LANGUAGE_STANDARD = gnu17;
				GCC_NO_COMMON_BLOCKS = YES;
				GCC_WARN_64_TO_32_BIT_CONVERSION = YES;
				GCC_WARN_ABOUT_RETURN_TYPE = YES_ERROR;
				GCC_WARN_UNDECLARED_SELECTOR = YES;
				GCC_WARN_UNINITIALIZED_AUTOS = YES_AGGRESSIVE;
				GCC_WARN_UNUSED_FUNCTION = YES;
				GCC_WARN_UNUSED_VARIABLE = YES;
				IPHONEOS_DEPLOYMENT_TARGET = 17.0;
				LOCALIZATION_PREFERS_STRING_CATALOGS = YES;
				MTL_ENABLE_DEBUG_INFO = NO;
				MTL_FAST_MATH = YES;
				SDKROOT = iphoneos;
				SWIFT_COMPILATION_MODE = wholemodule;
				VALIDATE_PRODUCT = YES;
			};
			name = Release;
		};
		78BB36282AF53BA1003E5B77 /* Debug */ = {
			isa = XCBuildConfiguration;
			buildSettings = {
				ASSETCATALOG_COMPILER_APPICON_NAME = AppIcon;
				ASSETCATALOG_COMPILER_GLOBAL_ACCENT_COLOR_NAME = AccentColor;
				CODE_SIGN_STYLE = Automatic;
				CURRENT_PROJECT_VERSION = 1;
				DEVELOPMENT_TEAM = 5T78F59TU2;
				GENERATE_INFOPLIST_FILE = YES;
				INFOPLIST_FILE = "JeongDaeri-Homework1/Support/Info.plist";
				INFOPLIST_KEY_UIApplicationSupportsIndirectInputEvents = YES;
				INFOPLIST_KEY_UILaunchStoryboardName = LaunchScreen;
				INFOPLIST_KEY_UISupportedInterfaceOrientations_iPad = "UIInterfaceOrientationPortrait UIInterfaceOrientationPortraitUpsideDown UIInterfaceOrientationLandscapeLeft UIInterfaceOrientationLandscapeRight";
				INFOPLIST_KEY_UISupportedInterfaceOrientations_iPhone = "UIInterfaceOrientationPortrait UIInterfaceOrientationLandscapeLeft UIInterfaceOrientationLandscapeRight";
				LD_RUNPATH_SEARCH_PATHS = (
					"$(inherited)",
					"@executable_path/Frameworks",
				);
				MARKETING_VERSION = 1.0;
				PRODUCT_BUNDLE_IDENTIFIER = "class.JeongDaeri-Homework1";
				PRODUCT_NAME = "$(TARGET_NAME)";
				SWIFT_EMIT_LOC_STRINGS = YES;
				SWIFT_VERSION = 5.0;
				TARGETED_DEVICE_FAMILY = "1,2";
			};
			name = Debug;
		};
		78BB36292AF53BA1003E5B77 /* Release */ = {
			isa = XCBuildConfiguration;
			buildSettings = {
				ASSETCATALOG_COMPILER_APPICON_NAME = AppIcon;
				ASSETCATALOG_COMPILER_GLOBAL_ACCENT_COLOR_NAME = AccentColor;
				CODE_SIGN_STYLE = Automatic;
				CURRENT_PROJECT_VERSION = 1;
				DEVELOPMENT_TEAM = 5T78F59TU2;
				GENERATE_INFOPLIST_FILE = YES;
				INFOPLIST_FILE = "JeongDaeri-Homework1/Support/Info.plist";
				INFOPLIST_KEY_UIApplicationSupportsIndirectInputEvents = YES;
				INFOPLIST_KEY_UILaunchStoryboardName = LaunchScreen;
				INFOPLIST_KEY_UISupportedInterfaceOrientations_iPad = "UIInterfaceOrientationPortrait UIInterfaceOrientationPortraitUpsideDown UIInterfaceOrientationLandscapeLeft UIInterfaceOrientationLandscapeRight";
				INFOPLIST_KEY_UISupportedInterfaceOrientations_iPhone = "UIInterfaceOrientationPortrait UIInterfaceOrientationLandscapeLeft UIInterfaceOrientationLandscapeRight";
				LD_RUNPATH_SEARCH_PATHS = (
					"$(inherited)",
					"@executable_path/Frameworks",
				);
				MARKETING_VERSION = 1.0;
				PRODUCT_BUNDLE_IDENTIFIER = "class.JeongDaeri-Homework1";
				PRODUCT_NAME = "$(TARGET_NAME)";
				SWIFT_EMIT_LOC_STRINGS = YES;
				SWIFT_VERSION = 5.0;
				TARGETED_DEVICE_FAMILY = "1,2";
			};
			name = Release;
		};
/* End XCBuildConfiguration section */

/* Begin XCConfigurationList section */
		78BB360E2AF53B9F003E5B77 /* Build configuration list for PBXProject "JeongDaeri-Homework1" */ = {
			isa = XCConfigurationList;
			buildConfigurations = (
				78BB36252AF53BA1003E5B77 /* Debug */,
				78BB36262AF53BA1003E5B77 /* Release */,
			);
			defaultConfigurationIsVisible = 0;
			defaultConfigurationName = Release;
		};
		78BB36272AF53BA1003E5B77 /* Build configuration list for PBXNativeTarget "JeongDaeri-Homework1" */ = {
			isa = XCConfigurationList;
			buildConfigurations = (
				78BB36282AF53BA1003E5B77 /* Debug */,
				78BB36292AF53BA1003E5B77 /* Release */,
			);
			defaultConfigurationIsVisible = 0;
			defaultConfigurationName = Release;
		};
/* End XCConfigurationList section */

/* Begin XCRemoteSwiftPackageReference section */
		78BB362A2AF53F2D003E5B77 /* XCRemoteSwiftPackageReference "SnapKit" */ = {
			isa = XCRemoteSwiftPackageReference;
			repositoryURL = "https://github.com/SnapKit/SnapKit";
			requirement = {
				kind = upToNextMajorVersion;
				minimumVersion = 5.6.0;
			};
		};
		78BB362D2AF53F45003E5B77 /* XCRemoteSwiftPackageReference "Then" */ = {
			isa = XCRemoteSwiftPackageReference;
			repositoryURL = "https://github.com/devxoul/Then";
			requirement = {
				kind = upToNextMajorVersion;
				minimumVersion = 3.0.0;
			};
		};
/* End XCRemoteSwiftPackageReference section */

/* Begin XCSwiftPackageProductDependency section */
		78BB362B2AF53F2D003E5B77 /* SnapKit */ = {
			isa = XCSwiftPackageProductDependency;
			package = 78BB362A2AF53F2D003E5B77 /* XCRemoteSwiftPackageReference "SnapKit" */;
			productName = SnapKit;
		};
		78BB362E2AF53F45003E5B77 /* Then */ = {
			isa = XCSwiftPackageProductDependency;
			package = 78BB362D2AF53F45003E5B77 /* XCRemoteSwiftPackageReference "Then" */;
			productName = Then;
		};
/* End XCSwiftPackageProductDependency section */
	};
	rootObject = 78BB360B2AF53B9F003E5B77 /* Project object */;
}
